
Microsoft Visual Studio Solution File, Format Version 12.00
# Visual Studio Version 17
VisualStudioVersion = 17.2.32526.322
MinimumVisualStudioVersion = 10.0.40219.1
Project("{FAE04EC0-301F-11D3-BF4B-00C04F79EFBC}") = "DryRoofControl", "DryRoofControl\DryRoofControl.csproj", "{01435887-ECA3-413B-8BDF-E5467D1821DB}"
EndProject
Project("{FAE04EC0-301F-11D3-BF4B-00C04F79EFBC}") = "DryRoofControlUI", "DryRoofControlUI\DryRoofControlUI.csproj", "{6335004D-9B5E-45A9-BF70-A74A2D183053}"
EndProject
Global
	GlobalSection(SolutionConfigurationPlatforms) = preSolution
		Debug|Any CPU = Debug|Any CPU
		Release|Any CPU = Release|Any CPU
	EndGlobalSection
	GlobalSection(ProjectConfigurationPlatforms) = postSolution
		{01435887-ECA3-413B-8BDF-E5467D1821DB}.Debug|Any CPU.ActiveCfg = Debug|Any CPU
		{01435887-ECA3-413B-8BDF-E5467D1821DB}.Debug|Any CPU.Build.0 = Debug|Any CPU
		{01435887-ECA3-413B-8BDF-E5467D1821DB}.Release|Any CPU.ActiveCfg = Release|Any CPU
		{01435887-ECA3-413B-8BDF-E5467D1821DB}.Release|Any CPU.Build.0 = Release|Any CPU
		{6335004D-9B5E-45A9-BF70-A74A2D183053}.Debug|Any CPU.ActiveCfg = Debug|Any CPU
		{6335004D-9B5E-45A9-BF70-A74A2D183053}.Debug|Any CPU.Build.0 = Debug|Any CPU
		{6335004D-9B5E-45A9-BF70-A74A2D183053}.Release|Any CPU.ActiveCfg = Release|Any CPU
		{6335004D-9B5E-45A9-BF70-A74A2D183053}.Release|Any CPU.Build.0 = Release|Any CPU
	EndGlobalSection
	GlobalSection(SolutionProperties) = preSolution
		HideSolutionNode = FALSE
	EndGlobalSection
	GlobalSection(ExtensibilityGlobals) = postSolution
		SolutionGuid = {ABFF16A7-BABB-42FF-BFF1-4F1EA4D56845}
	EndGlobalSection
EndGlobal
